
Microsoft Visual Studio Solution File, Format Version 12.00
# Visual Studio Version 16
VisualStudioVersion = 16.0.30225.117
MinimumVisualStudioVersion = 10.0.40219.1
Project("{9A19103F-16F7-4668-BE54-9A1E7A4F7556}") = "DotNetProjects.SVGImage", "SVGImage\DotNetProjects.SVGImage.csproj", "{5569522D-5C29-451E-8730-F119F0408BCA}"
EndProject
Project("{9A19103F-16F7-4668-BE54-9A1E7A4F7556}") = "DotNetProjects.SVGImage.Design", "SVGImage.Design\DotNetProjects.SVGImage.Design.csproj", "{89EEDB4B-473C-4733-9FB9-A05DF3F67620}"
EndProject
Project("{2150E333-8FDC-42A3-9474-1A3956D46DE8}") = "Samples", "Samples", "{7584CC1F-793C-4C14-B47F-33A8D20E740D}"
EndProject
Project("{9A19103F-16F7-4668-BE54-9A1E7A4F7556}") = "Example", "..\Samples\Example\Example.csproj", "{B90648B8-0235-4891-B902-FC3D8797686D}"
EndProject
Project("{9A19103F-16F7-4668-BE54-9A1E7A4F7556}") = "CustomBrushesExample", "..\Samples\CustomBrushesExample\CustomBrushesExample.csproj", "{8E3019C1-ED7D-4F06-AFF3-141E54ED8D34}"
EndProject
Project("{9A19103F-16F7-4668-BE54-9A1E7A4F7556}") = "ClipArtViewer", "..\Samples\ClipArtViewer\ClipArtViewer.csproj", "{16D74531-7F85-4384-BF5A-3C0A9A5D4F3E}"
EndProject
Project("{2150E333-8FDC-42A3-9474-1A3956D46DE8}") = "Tests", "Tests", "{8AD25703-6E13-4420-95AB-9270E9CB1B63}"
EndProject
Project("{9A19103F-16F7-4668-BE54-9A1E7A4F7556}") = "SvgTestBox", "..\Tests\SvgTestBox\SvgTestBox.csproj", "{934C43F7-0C7D-4DB7-A79D-A304CFC9A053}"
EndProject
Global
	GlobalSection(SolutionConfigurationPlatforms) = preSolution
		Debug|Any CPU = Debug|Any CPU
		Release|Any CPU = Release|Any CPU
	EndGlobalSection
	GlobalSection(ProjectConfigurationPlatforms) = postSolution
		{5569522D-5C29-451E-8730-F119F0408BCA}.Debug|Any CPU.ActiveCfg = Debug|Any CPU
		{5569522D-5C29-451E-8730-F119F0408BCA}.Debug|Any CPU.Build.0 = Debug|Any CPU
		{5569522D-5C29-451E-8730-F119F0408BCA}.Release|Any CPU.ActiveCfg = Release|Any CPU
		{5569522D-5C29-451E-8730-F119F0408BCA}.Release|Any CPU.Build.0 = Release|Any CPU
		{89EEDB4B-473C-4733-9FB9-A05DF3F67620}.Debug|Any CPU.ActiveCfg = Debug|Any CPU
		{89EEDB4B-473C-4733-9FB9-A05DF3F67620}.Debug|Any CPU.Build.0 = Debug|Any CPU
		{89EEDB4B-473C-4733-9FB9-A05DF3F67620}.Release|Any CPU.ActiveCfg = Release|Any CPU
		{89EEDB4B-473C-4733-9FB9-A05DF3F67620}.Release|Any CPU.Build.0 = Release|Any CPU
		{B90648B8-0235-4891-B902-FC3D8797686D}.Debug|Any CPU.ActiveCfg = Debug|Any CPU
		{B90648B8-0235-4891-B902-FC3D8797686D}.Debug|Any CPU.Build.0 = Debug|Any CPU
		{B90648B8-0235-4891-B902-FC3D8797686D}.Release|Any CPU.ActiveCfg = Release|Any CPU
		{B90648B8-0235-4891-B902-FC3D8797686D}.Release|Any CPU.Build.0 = Release|Any CPU
		{8E3019C1-ED7D-4F06-AFF3-141E54ED8D34}.Debug|Any CPU.ActiveCfg = Debug|Any CPU
		{8E3019C1-ED7D-4F06-AFF3-141E54ED8D34}.Debug|Any CPU.Build.0 = Debug|Any CPU
		{8E3019C1-ED7D-4F06-AFF3-141E54ED8D34}.Release|Any CPU.ActiveCfg = Release|Any CPU
		{8E3019C1-ED7D-4F06-AFF3-141E54ED8D34}.Release|Any CPU.Build.0 = Release|Any CPU
		{16D74531-7F85-4384-BF5A-3C0A9A5D4F3E}.Debug|Any CPU.ActiveCfg = Debug|Any CPU
		{16D74531-7F85-4384-BF5A-3C0A9A5D4F3E}.Debug|Any CPU.Build.0 = Debug|Any CPU
		{16D74531-7F85-4384-BF5A-3C0A9A5D4F3E}.Release|Any CPU.ActiveCfg = Release|Any CPU
		{16D74531-7F85-4384-BF5A-3C0A9A5D4F3E}.Release|Any CPU.Build.0 = Release|Any CPU
		{934C43F7-0C7D-4DB7-A79D-A304CFC9A053}.Debug|Any CPU.ActiveCfg = Debug|Any CPU
		{934C43F7-0C7D-4DB7-A79D-A304CFC9A053}.Debug|Any CPU.Build.0 = Debug|Any CPU
		{934C43F7-0C7D-4DB7-A79D-A304CFC9A053}.Release|Any CPU.ActiveCfg = Release|Any CPU
		{934C43F7-0C7D-4DB7-A79D-A304CFC9A053}.Release|Any CPU.Build.0 = Release|Any CPU
	EndGlobalSection
	GlobalSection(SolutionProperties) = preSolution
		HideSolutionNode = FALSE
	EndGlobalSection
	GlobalSection(NestedProjects) = preSolution
		{B90648B8-0235-4891-B902-FC3D8797686D} = {7584CC1F-793C-4C14-B47F-33A8D20E740D}
		{8E3019C1-ED7D-4F06-AFF3-141E54ED8D34} = {7584CC1F-793C-4C14-B47F-33A8D20E740D}
		{16D74531-7F85-4384-BF5A-3C0A9A5D4F3E} = {7584CC1F-793C-4C14-B47F-33A8D20E740D}
		{934C43F7-0C7D-4DB7-A79D-A304CFC9A053} = {8AD25703-6E13-4420-95AB-9270E9CB1B63}
	EndGlobalSection
	GlobalSection(ExtensibilityGlobals) = postSolution
		SolutionGuid = {299F3503-8850-481B-BB27-017B8485B0F6}
	EndGlobalSection
EndGlobal
